
Microsoft Visual Studio Solution File, Format Version 12.00
# Visual Studio 15
VisualStudioVersion = 15.0.27130.2036
MinimumVisualStudioVersion = 10.0.40219.1
Project("{9A19103F-16F7-4668-BE54-9A1E7A4F7556}") = "WebApp", "WebApp\WebApp.csproj", "{70C93DE4-7BC2-4068-BBEF-04A0C22A08CD}"
EndProject
Project("{FAE04EC0-301F-11D3-BF4B-00C04F79EFBC}") = "ApiClient", "ApiClient\ApiClient.csproj", "{85301A00-1523-41F9-8767-6FE0261FC1F0}"
EndProject
Project("{FAE04EC0-301F-11D3-BF4B-00C04F79EFBC}") = "ApiClientTestCore", "ApiClientTestCore\ApiClientTestCore.csproj", "{33CAAEA4-A35B-4315-9A51-662409AC273D}"
EndProject
Global
	GlobalSection(SolutionConfigurationPlatforms) = preSolution
		Debug|Any CPU = Debug|Any CPU
		Release|Any CPU = Release|Any CPU
	EndGlobalSection
	GlobalSection(ProjectConfigurationPlatforms) = postSolution
		{70C93DE4-7BC2-4068-BBEF-04A0C22A08CD}.Debug|Any CPU.ActiveCfg = Debug|Any CPU
		{70C93DE4-7BC2-4068-BBEF-04A0C22A08CD}.Debug|Any CPU.Build.0 = Debug|Any CPU
		{70C93DE4-7BC2-4068-BBEF-04A0C22A08CD}.Release|Any CPU.ActiveCfg = Release|Any CPU
		{70C93DE4-7BC2-4068-BBEF-04A0C22A08CD}.Release|Any CPU.Build.0 = Release|Any CPU
		{85301A00-1523-41F9-8767-6FE0261FC1F0}.Debug|Any CPU.ActiveCfg = Debug|Any CPU
		{85301A00-1523-41F9-8767-6FE0261FC1F0}.Debug|Any CPU.Build.0 = Debug|Any CPU
		{85301A00-1523-41F9-8767-6FE0261FC1F0}.Release|Any CPU.ActiveCfg = Release|Any CPU
		{85301A00-1523-41F9-8767-6FE0261FC1F0}.Release|Any CPU.Build.0 = Release|Any CPU
		{33CAAEA4-A35B-4315-9A51-662409AC273D}.Debug|Any CPU.ActiveCfg = Debug|Any CPU
		{33CAAEA4-A35B-4315-9A51-662409AC273D}.Debug|Any CPU.Build.0 = Debug|Any CPU
		{33CAAEA4-A35B-4315-9A51-662409AC273D}.Release|Any CPU.ActiveCfg = Release|Any CPU
		{33CAAEA4-A35B-4315-9A51-662409AC273D}.Release|Any CPU.Build.0 = Release|Any CPU
	EndGlobalSection
	GlobalSection(SolutionProperties) = preSolution
		HideSolutionNode = FALSE
	EndGlobalSection
	GlobalSection(ExtensibilityGlobals) = postSolution
		SolutionGuid = {0B7B38E1-78C0-42C8-98EB-8F090280017C}
	EndGlobalSection
EndGlobal
